{
  "originHash" : "e6cc3fdaacc206f2545494a85e3177995354277ebc7aaa7040a5988b7e116fa2",
  "pins" : [
    {
      "identity" : "economics",
      "kind" : "remoteSourceControl",
      "location" : "https://github.com/leviouwendijk/Economics.git",
      "state" : {
        "branch" : "master",
        "revision" : "2e34543f3bf20efc0ceb245ac886ac7d63305f06"
      }
    },
    {
      "identity" : "implementations",
      "kind" : "remoteSourceControl",
      "location" : "https://github.com/leviouwendijk/Implementations.git",
      "state" : {
        "branch" : "master",
        "revision" : "8a2c73723902da3e4145f5b4739382e91cc71dc5"
      }
    },
    {
      "identity" : "interfaces",
      "kind" : "remoteSourceControl",
      "location" : "https://github.com/leviouwendijk/Interfaces.git",
      "state" : {
        "branch" : "master",
        "revision" : "126fa621c724beb650f715511903aefc9ec01d15"
      }
    },
    {
      "identity" : "plate",
      "kind" : "remoteSourceControl",
      "location" : "https://github.com/leviouwendijk/plate.git",
      "state" : {
        "branch" : "master",
        "revision" : "3b25a00ac0ba239c86c3af48d4894dd2f2dd7f42"
      }
    },
    {
      "identity" : "structures",
      "kind" : "remoteSourceControl",
      "location" : "https://github.com/leviouwendijk/Structures.git",
      "state" : {
        "branch" : "master",
        "revision" : "b254c4ca5afaa11b212a2a52569d6f40a95ef096"
      }
    },
    {
      "identity" : "viewcomponents",
      "kind" : "remoteSourceControl",
      "location" : "https://github.com/leviouwendijk/ViewComponents.git",
      "state" : {
        "branch" : "master",
        "revision" : "07e45b684f30956c87664c8b4e6c2ef27f359d77"
      }
    }
  ],
  "version" : 3
}
