{
  "originHash" : "832b4cc500e809254b202fafeb712de4e77ad8693703758c5674bebd26cf3c4e",
  "pins" : [
    {
      "identity" : "commerce",
      "kind" : "remoteSourceControl",
      "location" : "https://github.com/leviouwendijk/Commerce.git",
      "state" : {
        "branch" : "master",
        "revision" : "2fbd84458c4a1c07e14e633587f21836569b3e99"
      }
    },
    {
      "identity" : "economics",
      "kind" : "remoteSourceControl",
      "location" : "https://github.com/leviouwendijk/Economics.git",
      "state" : {
        "branch" : "master",
        "revision" : "379ead15beebebf4d3850418baaa0c1f9aff226d"
      }
    },
    {
      "identity" : "extensions",
      "kind" : "remoteSourceControl",
      "location" : "https://github.com/leviouwendijk/Extensions.git",
      "state" : {
        "branch" : "master",
        "revision" : "3310d463b1bc509cccd8e75f0acc221e153f5dff"
      }
    },
    {
      "identity" : "implementations",
      "kind" : "remoteSourceControl",
      "location" : "https://github.com/leviouwendijk/Implementations.git",
      "state" : {
        "branch" : "master",
        "revision" : "4fd16f7cb6370b0f236e1acee7298e2d8cb32ad9"
      }
    },
    {
      "identity" : "interfaces",
      "kind" : "remoteSourceControl",
      "location" : "https://github.com/leviouwendijk/Interfaces.git",
      "state" : {
        "branch" : "master",
        "revision" : "f0f8f3adc88532baacc4fbe8223f3d007dc80cd4"
      }
    },
    {
      "identity" : "plate",
      "kind" : "remoteSourceControl",
      "location" : "https://github.com/leviouwendijk/plate.git",
      "state" : {
        "branch" : "master",
        "revision" : "92097e8937a71520ae5bb7c0d3c158104263d73f"
      }
    },
    {
      "identity" : "structures",
      "kind" : "remoteSourceControl",
      "location" : "https://github.com/leviouwendijk/Structures.git",
      "state" : {
        "branch" : "master",
        "revision" : "60671771052ca91265efbdc8cc3ef8f6599055ce"
      }
    },
    {
      "identity" : "viewcomponents",
      "kind" : "remoteSourceControl",
      "location" : "https://github.com/leviouwendijk/ViewComponents.git",
      "state" : {
        "branch" : "master",
        "revision" : "af0a9a9b03066f91dd193de2625abc2f1ad68976"
      }
    }
  ],
  "version" : 3
}
