{
  "originHash" : "e6cc3fdaacc206f2545494a85e3177995354277ebc7aaa7040a5988b7e116fa2",
  "pins" : [
    {
      "identity" : "commerce",
      "kind" : "remoteSourceControl",
      "location" : "https://github.com/leviouwendijk/Commerce.git",
      "state" : {
        "branch" : "master",
        "revision" : "c248985c20fa05e6ed3d928b8bd12f11677a2ff0"
      }
    },
    {
      "identity" : "economics",
      "kind" : "remoteSourceControl",
      "location" : "https://github.com/leviouwendijk/Economics.git",
      "state" : {
        "branch" : "master",
        "revision" : "d2bed9bd4f1f640c48007550d8a42bbd5b16b89f"
      }
    },
    {
      "identity" : "extensions",
      "kind" : "remoteSourceControl",
      "location" : "https://github.com/leviouwendijk/Extensions.git",
      "state" : {
        "branch" : "master",
        "revision" : "7208ea73cee738c724343a8f6926c2f60cb5a377"
      }
    },
    {
      "identity" : "implementations",
      "kind" : "remoteSourceControl",
      "location" : "https://github.com/leviouwendijk/Implementations.git",
      "state" : {
        "branch" : "master",
        "revision" : "1205af1c583575cd8001d94078cc84a34a5d3a0d"
      }
    },
    {
      "identity" : "interfaces",
      "kind" : "remoteSourceControl",
      "location" : "https://github.com/leviouwendijk/Interfaces.git",
      "state" : {
        "branch" : "master",
        "revision" : "ae8848ac88033cc99767f1817fb3e1541fa8bfbf"
      }
    },
    {
      "identity" : "plate",
      "kind" : "remoteSourceControl",
      "location" : "https://github.com/leviouwendijk/plate.git",
      "state" : {
        "branch" : "master",
        "revision" : "932f7c6f7a3280ea722e935df6b199138c9e9844"
      }
    },
    {
      "identity" : "structures",
      "kind" : "remoteSourceControl",
      "location" : "https://github.com/leviouwendijk/Structures.git",
      "state" : {
        "branch" : "master",
        "revision" : "32d4d58c67715e29aa6c82f3d62d97ab8deabd33"
      }
    },
    {
      "identity" : "viewcomponents",
      "kind" : "remoteSourceControl",
      "location" : "https://github.com/leviouwendijk/ViewComponents.git",
      "state" : {
        "branch" : "master",
        "revision" : "d42815b0d6cf9bc8f93d629dd4c45685966be537"
      }
    }
  ],
  "version" : 3
}
